
Microsoft Visual Studio Solution File, Format Version 12.00
# Visual Studio Version 17
VisualStudioVersion = 17.5.33530.505
MinimumVisualStudioVersion = 10.0.40219.1
Project("{FAE04EC0-301F-11D3-BF4B-00C04F79EFBC}") = "SerializacjaSzyfrowanieGraZgadywankaPO2", "SerializacjaSzyfrowanieGraZgadywankaPO2\SerializacjaSzyfrowanieGraZgadywankaPO2.csproj", "{B54C66F0-9132-4530-BF7C-E5C38B1103EE}"
EndProject
Global
	GlobalSection(SolutionConfigurationPlatforms) = preSolution
		Debug|Any CPU = Debug|Any CPU
		Release|Any CPU = Release|Any CPU
	EndGlobalSection
	GlobalSection(ProjectConfigurationPlatforms) = postSolution
		{B54C66F0-9132-4530-BF7C-E5C38B1103EE}.Debug|Any CPU.ActiveCfg = Debug|Any CPU
		{B54C66F0-9132-4530-BF7C-E5C38B1103EE}.Debug|Any CPU.Build.0 = Debug|Any CPU
		{B54C66F0-9132-4530-BF7C-E5C38B1103EE}.Release|Any CPU.ActiveCfg = Release|Any CPU
		{B54C66F0-9132-4530-BF7C-E5C38B1103EE}.Release|Any CPU.Build.0 = Release|Any CPU
	EndGlobalSection
	GlobalSection(SolutionProperties) = preSolution
		HideSolutionNode = FALSE
	EndGlobalSection
	GlobalSection(ExtensibilityGlobals) = postSolution
		SolutionGuid = {E955A86D-9FC1-4932-B70C-DBE55A75CC44}
	EndGlobalSection
EndGlobal
